
Microsoft Visual Studio Solution File, Format Version 12.00
# Visual Studio 15
VisualStudioVersion = 15.0.27703.2026
MinimumVisualStudioVersion = 10.0.40219.1
Project("{9A19103F-16F7-4668-BE54-9A1E7A4F7556}") = "SendGridDotNetCore", "SendGridDotNetCore\SendGridDotNetCore.csproj", "{C04BFA2B-4A43-4083-8936-90572CD12C99}"
EndProject
Global
	GlobalSection(SolutionConfigurationPlatforms) = preSolution
		Debug|Any CPU = Debug|Any CPU
		Release|Any CPU = Release|Any CPU
	EndGlobalSection
	GlobalSection(ProjectConfigurationPlatforms) = postSolution
		{C04BFA2B-4A43-4083-8936-90572CD12C99}.Debug|Any CPU.ActiveCfg = Debug|Any CPU
		{C04BFA2B-4A43-4083-8936-90572CD12C99}.Debug|Any CPU.Build.0 = Debug|Any CPU
		{C04BFA2B-4A43-4083-8936-90572CD12C99}.Release|Any CPU.ActiveCfg = Release|Any CPU
		{C04BFA2B-4A43-4083-8936-90572CD12C99}.Release|Any CPU.Build.0 = Release|Any CPU
	EndGlobalSection
	GlobalSection(SolutionProperties) = preSolution
		HideSolutionNode = FALSE
	EndGlobalSection
	GlobalSection(ExtensibilityGlobals) = postSolution
		SolutionGuid = {68DE6471-BDFC-47C4-9B93-D930D5226522}
	EndGlobalSection
EndGlobal
